
Microsoft Visual Studio Solution File, Format Version 12.00
# Visual Studio Version 17
VisualStudioVersion = 17.8.34330.188
MinimumVisualStudioVersion = 10.0.40219.1
Project("{FAE04EC0-301F-11D3-BF4B-00C04F79EFBC}") = "Portafolio", "Portafolio\Portafolio.csproj", "{EAE8A84E-9902-431C-98C2-AB0B65AFFF09}"
EndProject
Global
	GlobalSection(SolutionConfigurationPlatforms) = preSolution
		Debug|Any CPU = Debug|Any CPU
		Release|Any CPU = Release|Any CPU
	EndGlobalSection
	GlobalSection(ProjectConfigurationPlatforms) = postSolution
		{EAE8A84E-9902-431C-98C2-AB0B65AFFF09}.Debug|Any CPU.ActiveCfg = Debug|Any CPU
		{EAE8A84E-9902-431C-98C2-AB0B65AFFF09}.Debug|Any CPU.Build.0 = Debug|Any CPU
		{EAE8A84E-9902-431C-98C2-AB0B65AFFF09}.Release|Any CPU.ActiveCfg = Release|Any CPU
		{EAE8A84E-9902-431C-98C2-AB0B65AFFF09}.Release|Any CPU.Build.0 = Release|Any CPU
	EndGlobalSection
	GlobalSection(SolutionProperties) = preSolution
		HideSolutionNode = FALSE
	EndGlobalSection
	GlobalSection(ExtensibilityGlobals) = postSolution
		SolutionGuid = {3E4A56D6-122C-4E18-A36A-475C8C284052}
	EndGlobalSection
EndGlobal
